// !$*UTF8*$!
{
	archiveVersion = 1;
	classes = {
	};
	objectVersion = 46;
	objects = {

/* Begin PBXBuildFile section */
		275A884729B5586C4111FB71 /* Pods.framework in Frameworks */ = {isa = PBXBuildFile; fileRef = 899027226095310AC13F43E4 /* Pods.framework */; };
		3D12893B1BF9282F00699149 /* cbsButton.png in Resources */ = {isa = PBXBuildFile; fileRef = 3D12893A1BF9282F00699149 /* cbsButton.png */; };
		3D12893D1BF9346900699149 /* cbsAlert2.png in Resources */ = {isa = PBXBuildFile; fileRef = 3D12893C1BF9346900699149 /* cbsAlert2.png */; };
		3D12893F1BF93E5600699149 /* Congratulations!.png in Resources */ = {isa = PBXBuildFile; fileRef = 3D12893E1BF93E5600699149 /* Congratulations!.png */; };
		3D1289451BF93FC100699149 /* You Won!.png in Resources */ = {isa = PBXBuildFile; fileRef = 3D1289441BF93FC100699149 /* You Won!.png */; };
		3D1289471BF93FFB00699149 /* WinnerViewController.swift in Sources */ = {isa = PBXBuildFile; fileRef = 3D1289461BF93FFB00699149 /* WinnerViewController.swift */; };
		3D7918AF1BF3D84F00852C81 /* ImageViewController.swift in Sources */ = {isa = PBXBuildFile; fileRef = 3D7918AE1BF3D84F00852C81 /* ImageViewController.swift */; };
		3D7918B11BF3D85600852C81 /* Configuration.swift in Sources */ = {isa = PBXBuildFile; fileRef = 3D7918B01BF3D85600852C81 /* Configuration.swift */; };
		3D7918E01BF3DC8B00852C81 /* ImageQuiz.plist in Resources */ = {isa = PBXBuildFile; fileRef = 3D7918DF1BF3DC8B00852C81 /* ImageQuiz.plist */; };
		3D9432D61BEE953800EEAD73 /* Main.storyboard in Resources */ = {isa = PBXBuildFile; fileRef = 3D9432D41BEE953800EEAD73 /* Main.storyboard */; };
		3D9432D81BEE953800EEAD73 /* Assets.xcassets in Resources */ = {isa = PBXBuildFile; fileRef = 3D9432D71BEE953800EEAD73 /* Assets.xcassets */; };
		3D9432DB1BEE953800EEAD73 /* LaunchScreen.storyboard in Resources */ = {isa = PBXBuildFile; fileRef = 3D9432D91BEE953800EEAD73 /* LaunchScreen.storyboard */; };
		3D9432E61BEE953800EEAD73 /* CBS_AppTests.swift in Sources */ = {isa = PBXBuildFile; fileRef = 3D9432E51BEE953800EEAD73 /* CBS_AppTests.swift */; };
		3D9432F11BEE953800EEAD73 /* CBS_AppUITests.swift in Sources */ = {isa = PBXBuildFile; fileRef = 3D9432F01BEE953800EEAD73 /* CBS_AppUITests.swift */; };
		3D9432FF1BEEA06100EEAD73 /* HomeScreen.swift in Sources */ = {isa = PBXBuildFile; fileRef = 3D9432FE1BEEA06100EEAD73 /* HomeScreen.swift */; };
		3D9BB8CC1BEEBB970021B352 /* AppDelegate.swift in Sources */ = {isa = PBXBuildFile; fileRef = 3D9BB8CB1BEEBB970021B352 /* AppDelegate.swift */; };
		3D9BB8CE1BEEBB9F0021B352 /* SignUpViewController.swift in Sources */ = {isa = PBXBuildFile; fileRef = 3D9BB8CD1BEEBB9F0021B352 /* SignUpViewController.swift */; };
		3DD167651BFBBD270071C0F5 /* Congratulations.png in Resources */ = {isa = PBXBuildFile; fileRef = 3DD167641BFBBD270071C0F5 /* Congratulations.png */; };
		3DD167691BFBC3960071C0F5 /* Words.png in Resources */ = {isa = PBXBuildFile; fileRef = 3DD167681BFBC3960071C0F5 /* Words.png */; };
		3DD99AFB1BFBA54B004FFC67 /* SOUTHEASTERN LOGO- HORIZONTAL WHITE.png in Resources */ = {isa = PBXBuildFile; fileRef = 3DD99AF91BFBA54B004FFC67 /* SOUTHEASTERN LOGO- HORIZONTAL WHITE.png */; };
		3DD99AFC1BFBA54B004FFC67 /* SOUTHEASTERN LOGO- HORIZONTAL.png in Resources */ = {isa = PBXBuildFile; fileRef = 3DD99AFA1BFBA54B004FFC67 /* SOUTHEASTERN LOGO- HORIZONTAL.png */; };
		3DD99B001BFBA628004FFC67 /* thinkJineus.png in Resources */ = {isa = PBXBuildFile; fileRef = 3DD99AFF1BFBA628004FFC67 /* thinkJineus.png */; };
		3DDE93621BFA69CE00D92F70 /* BLACKJAR.TTF in Resources */ = {isa = PBXBuildFile; fileRef = 3DDE93611BFA69AE00D92F70 /* BLACKJAR.TTF */; };
		3DF411DC1BF544370041FAB7 /* Extensions.swift in Sources */ = {isa = PBXBuildFile; fileRef = 3DF411DB1BF544370041FAB7 /* Extensions.swift */; };
		3DF411DF1BF564960041FAB7 /* KDCircularProgress.swift in Sources */ = {isa = PBXBuildFile; fileRef = 3DF411DE1BF564960041FAB7 /* KDCircularProgress.swift */; };
/* End PBXBuildFile section */

/* Begin PBXContainerItemProxy section */
		3D9432E21BEE953800EEAD73 /* PBXContainerItemProxy */ = {
			isa = PBXContainerItemProxy;
			containerPortal = 3D9432C51BEE953800EEAD73 /* Project object */;
			proxyType = 1;
			remoteGlobalIDString = 3D9432CC1BEE953800EEAD73;
			remoteInfo = "CBS App";
		};
		3D9432ED1BEE953800EEAD73 /* PBXContainerItemProxy */ = {
			isa = PBXContainerItemProxy;
			containerPortal = 3D9432C51BEE953800EEAD73 /* Project object */;
			proxyType = 1;
			remoteGlobalIDString = 3D9432CC1BEE953800EEAD73;
			remoteInfo = "CBS App";
		};
/* End PBXContainerItemProxy section */

/* Begin PBXFileReference section */
		2DF24F9E5D5E73A8660D01FE /* Pods.release.xcconfig */ = {isa = PBXFileReference; includeInIndex = 1; lastKnownFileType = text.xcconfig; name = Pods.release.xcconfig; path = "Pods/Target Support Files/Pods/Pods.release.xcconfig"; sourceTree = "<group>"; };
		3D12893A1BF9282F00699149 /* cbsButton.png */ = {isa = PBXFileReference; lastKnownFileType = image.png; path = cbsButton.png; sourceTree = "<group>"; };
		3D12893C1BF9346900699149 /* cbsAlert2.png */ = {isa = PBXFileReference; lastKnownFileType = image.png; path = cbsAlert2.png; sourceTree = "<group>"; };
		3D12893E1BF93E5600699149 /* Congratulations!.png */ = {isa = PBXFileReference; lastKnownFileType = image.png; path = "Congratulations!.png"; sourceTree = "<group>"; };
		3D1289441BF93FC100699149 /* You Won!.png */ = {isa = PBXFileReference; lastKnownFileType = image.png; path = "You Won!.png"; sourceTree = "<group>"; };
		3D1289461BF93FFB00699149 /* WinnerViewController.swift */ = {isa = PBXFileReference; fileEncoding = 4; lastKnownFileType = sourcecode.swift; path = WinnerViewController.swift; sourceTree = "<group>"; };
		3D7918AE1BF3D84F00852C81 /* ImageViewController.swift */ = {isa = PBXFileReference; fileEncoding = 4; lastKnownFileType = sourcecode.swift; path = ImageViewController.swift; sourceTree = "<group>"; };
		3D7918B01BF3D85600852C81 /* Configuration.swift */ = {isa = PBXFileReference; fileEncoding = 4; lastKnownFileType = sourcecode.swift; path = Configuration.swift; sourceTree = "<group>"; };
		3D7918DF1BF3DC8B00852C81 /* ImageQuiz.plist */ = {isa = PBXFileReference; fileEncoding = 4; lastKnownFileType = text.plist.xml; path = ImageQuiz.plist; sourceTree = "<group>"; };
		3D9432CD1BEE953800EEAD73 /* CBS App.app */ = {isa = PBXFileReference; explicitFileType = wrapper.application; includeInIndex = 0; path = "CBS App.app"; sourceTree = BUILT_PRODUCTS_DIR; };
		3D9432D51BEE953800EEAD73 /* Base */ = {isa = PBXFileReference; lastKnownFileType = file.storyboard; name = Base; path = Base.lproj/Main.storyboard; sourceTree = "<group>"; };
		3D9432D71BEE953800EEAD73 /* Assets.xcassets */ = {isa = PBXFileReference; lastKnownFileType = folder.assetcatalog; path = Assets.xcassets; sourceTree = "<group>"; };
		3D9432DA1BEE953800EEAD73 /* Base */ = {isa = PBXFileReference; lastKnownFileType = file.storyboard; name = Base; path = Base.lproj/LaunchScreen.storyboard; sourceTree = "<group>"; };
		3D9432DC1BEE953800EEAD73 /* Info.plist */ = {isa = PBXFileReference; lastKnownFileType = text.plist.xml; path = Info.plist; sourceTree = "<group>"; };
		3D9432E11BEE953800EEAD73 /* CBS AppTests.xctest */ = {isa = PBXFileReference; explicitFileType = wrapper.cfbundle; includeInIndex = 0; path = "CBS AppTests.xctest"; sourceTree = BUILT_PRODUCTS_DIR; };
		3D9432E51BEE953800EEAD73 /* CBS_AppTests.swift */ = {isa = PBXFileReference; lastKnownFileType = sourcecode.swift; path = CBS_AppTests.swift; sourceTree = "<group>"; };
		3D9432E71BEE953800EEAD73 /* Info.plist */ = {isa = PBXFileReference; lastKnownFileType = text.plist.xml; path = Info.plist; sourceTree = "<group>"; };
		3D9432EC1BEE953800EEAD73 /* CBS AppUITests.xctest */ = {isa = PBXFileReference; explicitFileType = wrapper.cfbundle; includeInIndex = 0; path = "CBS AppUITests.xctest"; sourceTree = BUILT_PRODUCTS_DIR; };
		3D9432F01BEE953800EEAD73 /* CBS_AppUITests.swift */ = {isa = PBXFileReference; lastKnownFileType = sourcecode.swift; path = CBS_AppUITests.swift; sourceTree = "<group>"; };
		3D9432F21BEE953800EEAD73 /* Info.plist */ = {isa = PBXFileReference; lastKnownFileType = text.plist.xml; path = Info.plist; sourceTree = "<group>"; };
		3D9432FE1BEEA06100EEAD73 /* HomeScreen.swift */ = {isa = PBXFileReference; fileEncoding = 4; lastKnownFileType = sourcecode.swift; path = HomeScreen.swift; sourceTree = "<group>"; };
		3D9BB8CB1BEEBB970021B352 /* AppDelegate.swift */ = {isa = PBXFileReference; fileEncoding = 4; lastKnownFileType = sourcecode.swift; path = AppDelegate.swift; sourceTree = "<group>"; };
		3D9BB8CD1BEEBB9F0021B352 /* SignUpViewController.swift */ = {isa = PBXFileReference; fileEncoding = 4; lastKnownFileType = sourcecode.swift; path = SignUpViewController.swift; sourceTree = "<group>"; };
		3DD167641BFBBD270071C0F5 /* Congratulations.png */ = {isa = PBXFileReference; lastKnownFileType = image.png; path = Congratulations.png; sourceTree = "<group>"; };
		3DD167681BFBC3960071C0F5 /* Words.png */ = {isa = PBXFileReference; lastKnownFileType = image.png; path = Words.png; sourceTree = "<group>"; };
		3DD99AF91BFBA54B004FFC67 /* SOUTHEASTERN LOGO- HORIZONTAL WHITE.png */ = {isa = PBXFileReference; lastKnownFileType = image.png; path = "SOUTHEASTERN LOGO- HORIZONTAL WHITE.png"; sourceTree = "<group>"; };
		3DD99AFA1BFBA54B004FFC67 /* SOUTHEASTERN LOGO- HORIZONTAL.png */ = {isa = PBXFileReference; lastKnownFileType = image.png; path = "SOUTHEASTERN LOGO- HORIZONTAL.png"; sourceTree = "<group>"; };
		3DD99AFF1BFBA628004FFC67 /* thinkJineus.png */ = {isa = PBXFileReference; lastKnownFileType = image.png; path = thinkJineus.png; sourceTree = "<group>"; };
		3DDE935C1BFA694A00D92F70 /* Flat-UI-Icons-16.dev.svg */ = {isa = PBXFileReference; lastKnownFileType = text.xml; path = "Flat-UI-Icons-16.dev.svg"; sourceTree = "<group>"; };
		3DDE935D1BFA694A00D92F70 /* Flat-UI-Icons-16.eot */ = {isa = PBXFileReference; lastKnownFileType = file; path = "Flat-UI-Icons-16.eot"; sourceTree = "<group>"; };
		3DDE935E1BFA694A00D92F70 /* Flat-UI-Icons-16.svg */ = {isa = PBXFileReference; lastKnownFileType = text.xml; path = "Flat-UI-Icons-16.svg"; sourceTree = "<group>"; };
		3DDE935F1BFA694A00D92F70 /* Flat-UI-Icons-16.ttf */ = {isa = PBXFileReference; lastKnownFileType = file; path = "Flat-UI-Icons-16.ttf"; sourceTree = "<group>"; };
		3DDE93601BFA694A00D92F70 /* Flat-UI-Icons-16.woff */ = {isa = PBXFileReference; lastKnownFileType = file; path = "Flat-UI-Icons-16.woff"; sourceTree = "<group>"; };
		3DDE93611BFA69AE00D92F70 /* BLACKJAR.TTF */ = {isa = PBXFileReference; lastKnownFileType = file; path = BLACKJAR.TTF; sourceTree = "<group>"; };
		3DF411DB1BF544370041FAB7 /* Extensions.swift */ = {isa = PBXFileReference; fileEncoding = 4; lastKnownFileType = sourcecode.swift; path = Extensions.swift; sourceTree = "<group>"; };
		3DF411DE1BF564960041FAB7 /* KDCircularProgress.swift */ = {isa = PBXFileReference; fileEncoding = 4; lastKnownFileType = sourcecode.swift; path = KDCircularProgress.swift; sourceTree = "<group>"; };
		48076DD9EF7F1553D51E5176 /* Pods.debug.xcconfig */ = {isa = PBXFileReference; includeInIndex = 1; lastKnownFileType = text.xcconfig; name = Pods.debug.xcconfig; path = "Pods/Target Support Files/Pods/Pods.debug.xcconfig"; sourceTree = "<group>"; };
		899027226095310AC13F43E4 /* Pods.framework */ = {isa = PBXFileReference; explicitFileType = wrapper.framework; includeInIndex = 0; path = Pods.framework; sourceTree = BUILT_PRODUCTS_DIR; };
/* End PBXFileReference section */

/* Begin PBXFrameworksBuildPhase section */
		3D9432CA1BEE953800EEAD73 /* Frameworks */ = {
			isa = PBXFrameworksBuildPhase;
			buildActionMask = 2147483647;
			files = (
				275A884729B5586C4111FB71 /* Pods.framework in Frameworks */,
			);
			runOnlyForDeploymentPostprocessing = 0;
		};
		3D9432DE1BEE953800EEAD73 /* Frameworks */ = {
			isa = PBXFrameworksBuildPhase;
			buildActionMask = 2147483647;
			files = (
			);
			runOnlyForDeploymentPostprocessing = 0;
		};
		3D9432E91BEE953800EEAD73 /* Frameworks */ = {
			isa = PBXFrameworksBuildPhase;
			buildActionMask = 2147483647;
			files = (
			);
			runOnlyForDeploymentPostprocessing = 0;
		};
/* End PBXFrameworksBuildPhase section */

/* Begin PBXGroup section */
		1F0DF5B44DE1F62A63277359 /* Frameworks */ = {
			isa = PBXGroup;
			children = (
				899027226095310AC13F43E4 /* Pods.framework */,
			);
			name = Frameworks;
			sourceTree = "<group>";
		};
		3D1289351BF9244200699149 /* Alerts */ = {
			isa = PBXGroup;
			children = (
				3DD167681BFBC3960071C0F5 /* Words.png */,
				3DD99AFF1BFBA628004FFC67 /* thinkJineus.png */,
				3DD167641BFBBD270071C0F5 /* Congratulations.png */,
				3DD99AF91BFBA54B004FFC67 /* SOUTHEASTERN LOGO- HORIZONTAL WHITE.png */,
				3DD99AFA1BFBA54B004FFC67 /* SOUTHEASTERN LOGO- HORIZONTAL.png */,
				3D1289441BF93FC100699149 /* You Won!.png */,
				3D12893C1BF9346900699149 /* cbsAlert2.png */,
				3D12893A1BF9282F00699149 /* cbsButton.png */,
				3D12893E1BF93E5600699149 /* Congratulations!.png */,
			);
			name = Alerts;
			sourceTree = "<group>";
		};
		3D9432C41BEE953800EEAD73 = {
			isa = PBXGroup;
			children = (
				3DDE935B1BFA694A00D92F70 /* fonts */,
				3D9432CF1BEE953800EEAD73 /* CBS App */,
				3D9432E41BEE953800EEAD73 /* CBS AppTests */,
				3D9432EF1BEE953800EEAD73 /* CBS AppUITests */,
				3D9432CE1BEE953800EEAD73 /* Products */,
				5760F0FBEC4480B42A363423 /* Pods */,
				1F0DF5B44DE1F62A63277359 /* Frameworks */,
			);
			sourceTree = "<group>";
		};
		3D9432CE1BEE953800EEAD73 /* Products */ = {
			isa = PBXGroup;
			children = (
				3D9432CD1BEE953800EEAD73 /* CBS App.app */,
				3D9432E11BEE953800EEAD73 /* CBS AppTests.xctest */,
				3D9432EC1BEE953800EEAD73 /* CBS AppUITests.xctest */,
			);
			name = Products;
			sourceTree = "<group>";
		};
		3D9432CF1BEE953800EEAD73 /* CBS App */ = {
			isa = PBXGroup;
			children = (
				3D9BB8CB1BEEBB970021B352 /* AppDelegate.swift */,
				3D9432FE1BEEA06100EEAD73 /* HomeScreen.swift */,
				3D9BB8CD1BEEBB9F0021B352 /* SignUpViewController.swift */,
				3D7918AE1BF3D84F00852C81 /* ImageViewController.swift */,
				3D1289461BF93FFB00699149 /* WinnerViewController.swift */,
				3D9432D41BEE953800EEAD73 /* Main.storyboard */,
				3D9432D71BEE953800EEAD73 /* Assets.xcassets */,
				3DF411DD1BF5645A0041FAB7 /* Supporting Files */,
			);
			path = "CBS App";
			sourceTree = "<group>";
		};
		3D9432E41BEE953800EEAD73 /* CBS AppTests */ = {
			isa = PBXGroup;
			children = (
				3D9432E51BEE953800EEAD73 /* CBS_AppTests.swift */,
				3D9432E71BEE953800EEAD73 /* Info.plist */,
			);
			path = "CBS AppTests";
			sourceTree = "<group>";
		};
		3D9432EF1BEE953800EEAD73 /* CBS AppUITests */ = {
			isa = PBXGroup;
			children = (
				3D9432F01BEE953800EEAD73 /* CBS_AppUITests.swift */,
				3D9432F21BEE953800EEAD73 /* Info.plist */,
			);
			path = "CBS AppUITests";
			sourceTree = "<group>";
		};
		3DDE935B1BFA694A00D92F70 /* fonts */ = {
			isa = PBXGroup;
			children = (
				3DDE935C1BFA694A00D92F70 /* Flat-UI-Icons-16.dev.svg */,
				3DDE935D1BFA694A00D92F70 /* Flat-UI-Icons-16.eot */,
				3DDE935E1BFA694A00D92F70 /* Flat-UI-Icons-16.svg */,
				3DDE935F1BFA694A00D92F70 /* Flat-UI-Icons-16.ttf */,
				3DDE93601BFA694A00D92F70 /* Flat-UI-Icons-16.woff */,
			);
			path = fonts;
			sourceTree = "<group>";
		};
		3DF411DD1BF5645A0041FAB7 /* Supporting Files */ = {
			isa = PBXGroup;
			children = (
				3DDE93611BFA69AE00D92F70 /* BLACKJAR.TTF */,
				3D1289351BF9244200699149 /* Alerts */,
				3DF411DE1BF564960041FAB7 /* KDCircularProgress.swift */,
				3D7918B01BF3D85600852C81 /* Configuration.swift */,
				3DF411DB1BF544370041FAB7 /* Extensions.swift */,
				3D7918DF1BF3DC8B00852C81 /* ImageQuiz.plist */,
				3D9432D91BEE953800EEAD73 /* LaunchScreen.storyboard */,
				3D9432DC1BEE953800EEAD73 /* Info.plist */,
			);
			name = "Supporting Files";
			sourceTree = "<group>";
		};
		5760F0FBEC4480B42A363423 /* Pods */ = {
			isa = PBXGroup;
			children = (
				48076DD9EF7F1553D51E5176 /* Pods.debug.xcconfig */,
				2DF24F9E5D5E73A8660D01FE /* Pods.release.xcconfig */,
			);
			name = Pods;
			sourceTree = "<group>";
		};
/* End PBXGroup section */

/* Begin PBXNativeTarget section */
		3D9432CC1BEE953800EEAD73 /* CBS App */ = {
			isa = PBXNativeTarget;
			buildConfigurationList = 3D9432F51BEE953800EEAD73 /* Build configuration list for PBXNativeTarget "CBS App" */;
			buildPhases = (
				6C6E1978317F69B5835FA8AB /* Check Pods Manifest.lock */,
				3D9432C91BEE953800EEAD73 /* Sources */,
				3D9432CA1BEE953800EEAD73 /* Frameworks */,
				3D9432CB1BEE953800EEAD73 /* Resources */,
				4D93DDACB0A01EA4D847E9E2 /* Embed Pods Frameworks */,
				C2463A05CD0F60B024F71EDF /* Copy Pods Resources */,
			);
			buildRules = (
			);
			dependencies = (
			);
			name = "CBS App";
			productName = "CBS App";
			productReference = 3D9432CD1BEE953800EEAD73 /* CBS App.app */;
			productType = "com.apple.product-type.application";
		};
		3D9432E01BEE953800EEAD73 /* CBS AppTests */ = {
			isa = PBXNativeTarget;
			buildConfigurationList = 3D9432F81BEE953800EEAD73 /* Build configuration list for PBXNativeTarget "CBS AppTests" */;
			buildPhases = (
				3D9432DD1BEE953800EEAD73 /* Sources */,
				3D9432DE1BEE953800EEAD73 /* Frameworks */,
				3D9432DF1BEE953800EEAD73 /* Resources */,
			);
			buildRules = (
			);
			dependencies = (
				3D9432E31BEE953800EEAD73 /* PBXTargetDependency */,
			);
			name = "CBS AppTests";
			productName = "CBS AppTests";
			productReference = 3D9432E11BEE953800EEAD73 /* CBS AppTests.xctest */;
			productType = "com.apple.product-type.bundle.unit-test";
		};
		3D9432EB1BEE953800EEAD73 /* CBS AppUITests */ = {
			isa = PBXNativeTarget;
			buildConfigurationList = 3D9432FB1BEE953800EEAD73 /* Build configuration list for PBXNativeTarget "CBS AppUITests" */;
			buildPhases = (
				3D9432E81BEE953800EEAD73 /* Sources */,
				3D9432E91BEE953800EEAD73 /* Frameworks */,
				3D9432EA1BEE953800EEAD73 /* Resources */,
			);
			buildRules = (
			);
			dependencies = (
				3D9432EE1BEE953800EEAD73 /* PBXTargetDependency */,
			);
			name = "CBS AppUITests";
			productName = "CBS AppUITests";
			productReference = 3D9432EC1BEE953800EEAD73 /* CBS AppUITests.xctest */;
			productType = "com.apple.product-type.bundle.ui-testing";
		};
/* End PBXNativeTarget section */

/* Begin PBXProject section */
		3D9432C51BEE953800EEAD73 /* Project object */ = {
			isa = PBXProject;
			attributes = {
				LastSwiftUpdateCheck = 0710;
				LastUpgradeCheck = 0710;
				ORGANIZATIONNAME = "William Judd";
				TargetAttributes = {
					3D9432CC1BEE953800EEAD73 = {
						CreatedOnToolsVersion = 7.1;
						DevelopmentTeam = UBNC2NGRMQ;
					};
					3D9432E01BEE953800EEAD73 = {
						CreatedOnToolsVersion = 7.1;
						TestTargetID = 3D9432CC1BEE953800EEAD73;
					};
					3D9432EB1BEE953800EEAD73 = {
						CreatedOnToolsVersion = 7.1;
						TestTargetID = 3D9432CC1BEE953800EEAD73;
					};
				};
			};
			buildConfigurationList = 3D9432C81BEE953800EEAD73 /* Build configuration list for PBXProject "CBS App" */;
			compatibilityVersion = "Xcode 3.2";
			developmentRegion = English;
			hasScannedForEncodings = 0;
			knownRegions = (
				en,
				Base,
			);
			mainGroup = 3D9432C41BEE953800EEAD73;
			productRefGroup = 3D9432CE1BEE953800EEAD73 /* Products */;
			projectDirPath = "";
			projectRoot = "";
			targets = (
				3D9432CC1BEE953800EEAD73 /* CBS App */,
				3D9432E01BEE953800EEAD73 /* CBS AppTests */,
				3D9432EB1BEE953800EEAD73 /* CBS AppUITests */,
			);
		};
/* End PBXProject section */

/* Begin PBXResourcesBuildPhase section */
		3D9432CB1BEE953800EEAD73 /* Resources */ = {
			isa = PBXResourcesBuildPhase;
			buildActionMask = 2147483647;
			files = (
				3DDE93621BFA69CE00D92F70 /* BLACKJAR.TTF in Resources */,
				3DD99B001BFBA628004FFC67 /* thinkJineus.png in Resources */,
				3D9432DB1BEE953800EEAD73 /* LaunchScreen.storyboard in Resources */,
				3DD99AFC1BFBA54B004FFC67 /* SOUTHEASTERN LOGO- HORIZONTAL.png in Resources */,
				3D1289451BF93FC100699149 /* You Won!.png in Resources */,
				3DD99AFB1BFBA54B004FFC67 /* SOUTHEASTERN LOGO- HORIZONTAL WHITE.png in Resources */,
				3D12893B1BF9282F00699149 /* cbsButton.png in Resources */,
				3DD167691BFBC3960071C0F5 /* Words.png in Resources */,
				3D9432D81BEE953800EEAD73 /* Assets.xcassets in Resources */,
				3DD167651BFBBD270071C0F5 /* Congratulations.png in Resources */,
				3D12893D1BF9346900699149 /* cbsAlert2.png in Resources */,
				3D12893F1BF93E5600699149 /* Congratulations!.png in Resources */,
				3D7918E01BF3DC8B00852C81 /* ImageQuiz.plist in Resources */,
				3D9432D61BEE953800EEAD73 /* Main.storyboard in Resources */,
			);
			runOnlyForDeploymentPostprocessing = 0;
		};
		3D9432DF1BEE953800EEAD73 /* Resources */ = {
			isa = PBXResourcesBuildPhase;
			buildActionMask = 2147483647;
			files = (
			);
			runOnlyForDeploymentPostprocessing = 0;
		};
		3D9432EA1BEE953800EEAD73 /* Resources */ = {
			isa = PBXResourcesBuildPhase;
			buildActionMask = 2147483647;
			files = (
			);
			runOnlyForDeploymentPostprocessing = 0;
		};
/* End PBXResourcesBuildPhase section */

/* Begin PBXShellScriptBuildPhase section */
		4D93DDACB0A01EA4D847E9E2 /* Embed Pods Frameworks */ = {
			isa = PBXShellScriptBuildPhase;
			buildActionMask = 2147483647;
			files = (
			);
			inputPaths = (
			);
			name = "Embed Pods Frameworks";
			outputPaths = (
			);
			runOnlyForDeploymentPostprocessing = 0;
			shellPath = /bin/sh;
			shellScript = "\"${SRCROOT}/Pods/Target Support Files/Pods/Pods-frameworks.sh\"\n";
			showEnvVarsInLog = 0;
		};
		6C6E1978317F69B5835FA8AB /* Check Pods Manifest.lock */ = {
			isa = PBXShellScriptBuildPhase;
			buildActionMask = 2147483647;
			files = (
			);
			inputPaths = (
			);
			name = "Check Pods Manifest.lock";
			outputPaths = (
			);
			runOnlyForDeploymentPostprocessing = 0;
			shellPath = /bin/sh;
			shellScript = "diff \"${PODS_ROOT}/../Podfile.lock\" \"${PODS_ROOT}/Manifest.lock\" > /dev/null\nif [[ $? != 0 ]] ; then\n    cat << EOM\nerror: The sandbox is not in sync with the Podfile.lock. Run 'pod install' or update your CocoaPods installation.\nEOM\n    exit 1\nfi\n";
			showEnvVarsInLog = 0;
		};
		C2463A05CD0F60B024F71EDF /* Copy Pods Resources */ = {
			isa = PBXShellScriptBuildPhase;
			buildActionMask = 2147483647;
			files = (
			);
			inputPaths = (
			);
			name = "Copy Pods Resources";
			outputPaths = (
			);
			runOnlyForDeploymentPostprocessing = 0;
			shellPath = /bin/sh;
			shellScript = "\"${SRCROOT}/Pods/Target Support Files/Pods/Pods-resources.sh\"\n";
			showEnvVarsInLog = 0;
		};
/* End PBXShellScriptBuildPhase section */

/* Begin PBXSourcesBuildPhase section */
		3D9432C91BEE953800EEAD73 /* Sources */ = {
			isa = PBXSourcesBuildPhase;
			buildActionMask = 2147483647;
			files = (
				3D9BB8CE1BEEBB9F0021B352 /* SignUpViewController.swift in Sources */,
				3DF411DC1BF544370041FAB7 /* Extensions.swift in Sources */,
				3D7918B11BF3D85600852C81 /* Configuration.swift in Sources */,
				3D9BB8CC1BEEBB970021B352 /* AppDelegate.swift in Sources */,
				3D7918AF1BF3D84F00852C81 /* ImageViewController.swift in Sources */,
				3D9432FF1BEEA06100EEAD73 /* HomeScreen.swift in Sources */,
				3DF411DF1BF564960041FAB7 /* KDCircularProgress.swift in Sources */,
				3D1289471BF93FFB00699149 /* WinnerViewController.swift in Sources */,
			);
			runOnlyForDeploymentPostprocessing = 0;
		};
		3D9432DD1BEE953800EEAD73 /* Sources */ = {
			isa = PBXSourcesBuildPhase;
			buildActionMask = 2147483647;
			files = (
				3D9432E61BEE953800EEAD73 /* CBS_AppTests.swift in Sources */,
			);
			runOnlyForDeploymentPostprocessing = 0;
		};
		3D9432E81BEE953800EEAD73 /* Sources */ = {
			isa = PBXSourcesBuildPhase;
			buildActionMask = 2147483647;
			files = (
				3D9432F11BEE953800EEAD73 /* CBS_AppUITests.swift in Sources */,
			);
			runOnlyForDeploymentPostprocessing = 0;
		};
/* End PBXSourcesBuildPhase section */

/* Begin PBXTargetDependency section */
		3D9432E31BEE953800EEAD73 /* PBXTargetDependency */ = {
			isa = PBXTargetDependency;
			target = 3D9432CC1BEE953800EEAD73 /* CBS App */;
			targetProxy = 3D9432E21BEE953800EEAD73 /* PBXContainerItemProxy */;
		};
		3D9432EE1BEE953800EEAD73 /* PBXTargetDependency */ = {
			isa = PBXTargetDependency;
			target = 3D9432CC1BEE953800EEAD73 /* CBS App */;
			targetProxy = 3D9432ED1BEE953800EEAD73 /* PBXContainerItemProxy */;
		};
/* End PBXTargetDependency section */

/* Begin PBXVariantGroup section */
		3D9432D41BEE953800EEAD73 /* Main.storyboard */ = {
			isa = PBXVariantGroup;
			children = (
				3D9432D51BEE953800EEAD73 /* Base */,
			);
			name = Main.storyboard;
			sourceTree = "<group>";
		};
		3D9432D91BEE953800EEAD73 /* LaunchScreen.storyboard */ = {
			isa = PBXVariantGroup;
			children = (
				3D9432DA1BEE953800EEAD73 /* Base */,
			);
			name = LaunchScreen.storyboard;
			sourceTree = "<group>";
		};
/* End PBXVariantGroup section */

/* Begin XCBuildConfiguration section */
		3D9432F31BEE953800EEAD73 /* Debug */ = {
			isa = XCBuildConfiguration;
			buildSettings = {
				ALWAYS_SEARCH_USER_PATHS = NO;
				CLANG_CXX_LANGUAGE_STANDARD = "gnu++0x";
				CLANG_CXX_LIBRARY = "libc++";
				CLANG_ENABLE_MODULES = YES;
				CLANG_ENABLE_OBJC_ARC = YES;
				CLANG_WARN_BOOL_CONVERSION = YES;
				CLANG_WARN_CONSTANT_CONVERSION = YES;
				CLANG_WARN_DIRECT_OBJC_ISA_USAGE = YES_ERROR;
				CLANG_WARN_EMPTY_BODY = YES;
				CLANG_WARN_ENUM_CONVERSION = YES;
				CLANG_WARN_INT_CONVERSION = YES;
				CLANG_WARN_OBJC_ROOT_CLASS = YES_ERROR;
				CLANG_WARN_UNREACHABLE_CODE = YES;
				CLANG_WARN__DUPLICATE_METHOD_MATCH = YES;
				"CODE_SIGN_IDENTITY[sdk=iphoneos*]" = "iPhone Developer";
				COPY_PHASE_STRIP = NO;
				DEBUG_INFORMATION_FORMAT = dwarf;
				ENABLE_STRICT_OBJC_MSGSEND = YES;
				ENABLE_TESTABILITY = YES;
				GCC_C_LANGUAGE_STANDARD = gnu99;
				GCC_DYNAMIC_NO_PIC = NO;
				GCC_NO_COMMON_BLOCKS = YES;
				GCC_OPTIMIZATION_LEVEL = 0;
				GCC_PREPROCESSOR_DEFINITIONS = (
					"DEBUG=1",
					"$(inherited)",
				);
				GCC_WARN_64_TO_32_BIT_CONVERSION = YES;
				GCC_WARN_ABOUT_RETURN_TYPE = YES_ERROR;
				GCC_WARN_UNDECLARED_SELECTOR = YES;
				GCC_WARN_UNINITIALIZED_AUTOS = YES_AGGRESSIVE;
				GCC_WARN_UNUSED_FUNCTION = YES;
				GCC_WARN_UNUSED_VARIABLE = YES;
				IPHONEOS_DEPLOYMENT_TARGET = 9.1;
				MTL_ENABLE_DEBUG_INFO = YES;
				ONLY_ACTIVE_ARCH = YES;
				SDKROOT = iphoneos;
				SWIFT_OPTIMIZATION_LEVEL = "-Onone";
				TARGETED_DEVICE_FAMILY = 2;
			};
			name = Debug;
		};
		3D9432F41BEE953800EEAD73 /* Release */ = {
			isa = XCBuildConfiguration;
			buildSettings = {
				ALWAYS_SEARCH_USER_PATHS = NO;
				CLANG_CXX_LANGUAGE_STANDARD = "gnu++0x";
				CLANG_CXX_LIBRARY = "libc++";
				CLANG_ENABLE_MODULES = YES;
				CLANG_ENABLE_OBJC_ARC = YES;
				CLANG_WARN_BOOL_CONVERSION = YES;
				CLANG_WARN_CONSTANT_CONVERSION = YES;
				CLANG_WARN_DIRECT_OBJC_ISA_USAGE = YES_ERROR;
				CLANG_WARN_EMPTY_BODY = YES;
				CLANG_WARN_ENUM_CONVERSION = YES;
				CLANG_WARN_INT_CONVERSION = YES;
				CLANG_WARN_OBJC_ROOT_CLASS = YES_ERROR;
				CLANG_WARN_UNREACHABLE_CODE = YES;
				CLANG_WARN__DUPLICATE_METHOD_MATCH = YES;
				"CODE_SIGN_IDENTITY[sdk=iphoneos*]" = "iPhone Developer";
				COPY_PHASE_STRIP = NO;
				DEBUG_INFORMATION_FORMAT = "dwarf-with-dsym";
				ENABLE_NS_ASSERTIONS = NO;
				ENABLE_STRICT_OBJC_MSGSEND = YES;
				GCC_C_LANGUAGE_STANDARD = gnu99;
				GCC_NO_COMMON_BLOCKS = YES;
				GCC_WARN_64_TO_32_BIT_CONVERSION = YES;
				GCC_WARN_ABOUT_RETURN_TYPE = YES_ERROR;
				GCC_WARN_UNDECLARED_SELECTOR = YES;
				GCC_WARN_UNINITIALIZED_AUTOS = YES_AGGRESSIVE;
				GCC_WARN_UNUSED_FUNCTION = YES;
				GCC_WARN_UNUSED_VARIABLE = YES;
				IPHONEOS_DEPLOYMENT_TARGET = 9.1;
				MTL_ENABLE_DEBUG_INFO = NO;
				SDKROOT = iphoneos;
				TARGETED_DEVICE_FAMILY = 2;
				VALIDATE_PRODUCT = YES;
			};
			name = Release;
		};
		3D9432F61BEE953800EEAD73 /* Debug */ = {
			isa = XCBuildConfiguration;
			baseConfigurationReference = 48076DD9EF7F1553D51E5176 /* Pods.debug.xcconfig */;
			buildSettings = {
				ASSETCATALOG_COMPILER_APPICON_NAME = AppIcon;
				CODE_SIGN_IDENTITY = "iPhone Developer";
				INFOPLIST_FILE = "CBS App/Info.plist";
				IPHONEOS_DEPLOYMENT_TARGET = 8.4;
				LD_RUNPATH_SEARCH_PATHS = "$(inherited) @executable_path/Frameworks";
				PRODUCT_BUNDLE_IDENTIFIER = "Think-Jinues.CBS-App";
				PRODUCT_NAME = "$(TARGET_NAME)";
			};
			name = Debug;
		};
		3D9432F71BEE953800EEAD73 /* Release */ = {
			isa = XCBuildConfiguration;
			baseConfigurationReference = 2DF24F9E5D5E73A8660D01FE /* Pods.release.xcconfig */;
			buildSettings = {
				ASSETCATALOG_COMPILER_APPICON_NAME = AppIcon;
				CODE_SIGN_IDENTITY = "iPhone Developer";
				INFOPLIST_FILE = "CBS App/Info.plist";
				IPHONEOS_DEPLOYMENT_TARGET = 8.4;
				LD_RUNPATH_SEARCH_PATHS = "$(inherited) @executable_path/Frameworks";
				PRODUCT_BUNDLE_IDENTIFIER = "Think-Jinues.CBS-App";
				PRODUCT_NAME = "$(TARGET_NAME)";
			};
			name = Release;
		};
		3D9432F91BEE953800EEAD73 /* Debug */ = {
			isa = XCBuildConfiguration;
			buildSettings = {
				BUNDLE_LOADER = "$(TEST_HOST)";
				INFOPLIST_FILE = "CBS AppTests/Info.plist";
				LD_RUNPATH_SEARCH_PATHS = "$(inherited) @executable_path/Frameworks @loader_path/Frameworks";
				PRODUCT_BUNDLE_IDENTIFIER = "Think-Jinues.CBS-AppTests";
				PRODUCT_NAME = "$(TARGET_NAME)";
				TEST_HOST = "$(BUILT_PRODUCTS_DIR)/CBS App.app/CBS App";
			};
			name = Debug;
		};
		3D9432FA1BEE953800EEAD73 /* Release */ = {
			isa = XCBuildConfiguration;
			buildSettings = {
				BUNDLE_LOADER = "$(TEST_HOST)";
				INFOPLIST_FILE = "CBS AppTests/Info.plist";
				LD_RUNPATH_SEARCH_PATHS = "$(inherited) @executable_path/Frameworks @loader_path/Frameworks";
				PRODUCT_BUNDLE_IDENTIFIER = "Think-Jinues.CBS-AppTests";
				PRODUCT_NAME = "$(TARGET_NAME)";
				TEST_HOST = "$(BUILT_PRODUCTS_DIR)/CBS App.app/CBS App";
			};
			name = Release;
		};
		3D9432FC1BEE953800EEAD73 /* Debug */ = {
			isa = XCBuildConfiguration;
			buildSettings = {
				INFOPLIST_FILE = "CBS AppUITests/Info.plist";
				LD_RUNPATH_SEARCH_PATHS = "$(inherited) @executable_path/Frameworks @loader_path/Frameworks";
				PRODUCT_BUNDLE_IDENTIFIER = "Think-Jinues.CBS-AppUITests";
				PRODUCT_NAME = "$(TARGET_NAME)";
				TEST_TARGET_NAME = "CBS App";
				USES_XCTRUNNER = YES;
			};
			name = Debug;
		};
		3D9432FD1BEE953800EEAD73 /* Release */ = {
			isa = XCBuildConfiguration;
			buildSettings = {
				INFOPLIST_FILE = "CBS AppUITests/Info.plist";
				LD_RUNPATH_SEARCH_PATHS = "$(inherited) @executable_path/Frameworks @loader_path/Frameworks";
				PRODUCT_BUNDLE_IDENTIFIER = "Think-Jinues.CBS-AppUITests";
				PRODUCT_NAME = "$(TARGET_NAME)";
				TEST_TARGET_NAME = "CBS App";
				USES_XCTRUNNER = YES;
			};
			name = Release;
		};
/* End XCBuildConfiguration section */

/* Begin XCConfigurationList section */
		3D9432C81BEE953800EEAD73 /* Build configuration list for PBXProject "CBS App" */ = {
			isa = XCConfigurationList;
			buildConfigurations = (
				3D9432F31BEE953800EEAD73 /* Debug */,
				3D9432F41BEE953800EEAD73 /* Release */,
			);
			defaultConfigurationIsVisible = 0;
			defaultConfigurationName = Release;
		};
		3D9432F51BEE953800EEAD73 /* Build configuration list for PBXNativeTarget "CBS App" */ = {
			isa = XCConfigurationList;
			buildConfigurations = (
				3D9432F61BEE953800EEAD73 /* Debug */,
				3D9432F71BEE953800EEAD73 /* Release */,
			);
			defaultConfigurationIsVisible = 0;
			defaultConfigurationName = Release;
		};
		3D9432F81BEE953800EEAD73 /* Build configuration list for PBXNativeTarget "CBS AppTests" */ = {
			isa = XCConfigurationList;
			buildConfigurations = (
				3D9432F91BEE953800EEAD73 /* Debug */,
				3D9432FA1BEE953800EEAD73 /* Release */,
			);
			defaultConfigurationIsVisible = 0;
			defaultConfigurationName = Release;
		};
		3D9432FB1BEE953800EEAD73 /* Build configuration list for PBXNativeTarget "CBS AppUITests" */ = {
			isa = XCConfigurationList;
			buildConfigurations = (
				3D9432FC1BEE953800EEAD73 /* Debug */,
				3D9432FD1BEE953800EEAD73 /* Release */,
			);
			defaultConfigurationIsVisible = 0;
			defaultConfigurationName = Release;
		};
/* End XCConfigurationList section */
	};
	rootObject = 3D9432C51BEE953800EEAD73 /* Project object */;
}
